// !$*UTF8*$!
{
	archiveVersion = 1;
	classes = {
	};
	objectVersion = 56;
	objects = {

/* Begin PBXBuildFile section */
		C8AEDDD02BFA1DC200D8D0FD /* FirebaseImageAddressApp.swift in Sources */ = {isa = PBXBuildFile; fileRef = C8AEDDCF2BFA1DC200D8D0FD /* FirebaseImageAddressApp.swift */; };
		C8AEDDD22BFA1DC200D8D0FD /* ContentView.swift in Sources */ = {isa = PBXBuildFile; fileRef = C8AEDDD12BFA1DC200D8D0FD /* ContentView.swift */; };
		C8AEDDD42BFA1DC400D8D0FD /* Assets.xcassets in Resources */ = {isa = PBXBuildFile; fileRef = C8AEDDD32BFA1DC400D8D0FD /* Assets.xcassets */; };
		C8AEDDD72BFA1DC400D8D0FD /* Preview Assets.xcassets in Resources */ = {isa = PBXBuildFile; fileRef = C8AEDDD62BFA1DC400D8D0FD /* Preview Assets.xcassets */; };
		C8AEDDDE2BFA1E0C00D8D0FD /* GoogleService-Info.plist in Resources */ = {isa = PBXBuildFile; fileRef = C8AEDDDD2BFA1E0C00D8D0FD /* GoogleService-Info.plist */; };
		C8AEDDE12BFA1EE600D8D0FD /* FirebaseAuth in Frameworks */ = {isa = PBXBuildFile; productRef = C8AEDDE02BFA1EE600D8D0FD /* FirebaseAuth */; };
		C8AEDDE32BFA1EE600D8D0FD /* FirebaseFirestore in Frameworks */ = {isa = PBXBuildFile; productRef = C8AEDDE22BFA1EE600D8D0FD /* FirebaseFirestore */; };
		C8AEDDE52BFA1EE600D8D0FD /* FirebaseStorage in Frameworks */ = {isa = PBXBuildFile; productRef = C8AEDDE42BFA1EE600D8D0FD /* FirebaseStorage */; };
		C8AEDDE82BFA1F4B00D8D0FD /* SDWebImageSwiftUI in Frameworks */ = {isa = PBXBuildFile; productRef = C8AEDDE72BFA1F4B00D8D0FD /* SDWebImageSwiftUI */; };
		C8AEDDED2BFA20EB00D8D0FD /* DBModel.swift in Sources */ = {isa = PBXBuildFile; fileRef = C8AEDDEC2BFA20EB00D8D0FD /* DBModel.swift */; };
		C8AEDDEF2BFA214E00D8D0FD /* SearchQuery.swift in Sources */ = {isa = PBXBuildFile; fileRef = C8AEDDEE2BFA214E00D8D0FD /* SearchQuery.swift */; };
		C8AEDDF12BFA220500D8D0FD /* Add.swift in Sources */ = {isa = PBXBuildFile; fileRef = C8AEDDF02BFA220500D8D0FD /* Add.swift */; };
		C8AEDDF32BFA220A00D8D0FD /* Detail.swift in Sources */ = {isa = PBXBuildFile; fileRef = C8AEDDF22BFA220A00D8D0FD /* Detail.swift */; };
		C8AEDDF52BFA2F8700D8D0FD /* CUDQuery.swift in Sources */ = {isa = PBXBuildFile; fileRef = C8AEDDF42BFA2F8700D8D0FD /* CUDQuery.swift */; };
/* End PBXBuildFile section */

/* Begin PBXFileReference section */
		C8AEDDCC2BFA1DC200D8D0FD /* FirebaseImageAddress.app */ = {isa = PBXFileReference; explicitFileType = wrapper.application; includeInIndex = 0; path = FirebaseImageAddress.app; sourceTree = BUILT_PRODUCTS_DIR; };
		C8AEDDCF2BFA1DC200D8D0FD /* FirebaseImageAddressApp.swift */ = {isa = PBXFileReference; lastKnownFileType = sourcecode.swift; path = FirebaseImageAddressApp.swift; sourceTree = "<group>"; };
		C8AEDDD12BFA1DC200D8D0FD /* ContentView.swift */ = {isa = PBXFileReference; lastKnownFileType = sourcecode.swift; path = ContentView.swift; sourceTree = "<group>"; };
		C8AEDDD32BFA1DC400D8D0FD /* Assets.xcassets */ = {isa = PBXFileReference; lastKnownFileType = folder.assetcatalog; path = Assets.xcassets; sourceTree = "<group>"; };
		C8AEDDD62BFA1DC400D8D0FD /* Preview Assets.xcassets */ = {isa = PBXFileReference; lastKnownFileType = folder.assetcatalog; path = "Preview Assets.xcassets"; sourceTree = "<group>"; };
		C8AEDDDD2BFA1E0C00D8D0FD /* GoogleService-Info.plist */ = {isa = PBXFileReference; fileEncoding = 4; lastKnownFileType = text.plist.xml; path = "GoogleService-Info.plist"; sourceTree = "<group>"; };
		C8AEDDEC2BFA20EB00D8D0FD /* DBModel.swift */ = {isa = PBXFileReference; lastKnownFileType = sourcecode.swift; path = DBModel.swift; sourceTree = "<group>"; };
		C8AEDDEE2BFA214E00D8D0FD /* SearchQuery.swift */ = {isa = PBXFileReference; lastKnownFileType = sourcecode.swift; path = SearchQuery.swift; sourceTree = "<group>"; };
		C8AEDDF02BFA220500D8D0FD /* Add.swift */ = {isa = PBXFileReference; lastKnownFileType = sourcecode.swift; path = Add.swift; sourceTree = "<group>"; };
		C8AEDDF22BFA220A00D8D0FD /* Detail.swift */ = {isa = PBXFileReference; lastKnownFileType = sourcecode.swift; path = Detail.swift; sourceTree = "<group>"; };
		C8AEDDF42BFA2F8700D8D0FD /* CUDQuery.swift */ = {isa = PBXFileReference; lastKnownFileType = sourcecode.swift; path = CUDQuery.swift; sourceTree = "<group>"; };
/* End PBXFileReference section */

/* Begin PBXFrameworksBuildPhase section */
		C8AEDDC92BFA1DC200D8D0FD /* Frameworks */ = {
			isa = PBXFrameworksBuildPhase;
			buildActionMask = 2147483647;
			files = (
				C8AEDDE82BFA1F4B00D8D0FD /* SDWebImageSwiftUI in Frameworks */,
				C8AEDDE12BFA1EE600D8D0FD /* FirebaseAuth in Frameworks */,
				C8AEDDE32BFA1EE600D8D0FD /* FirebaseFirestore in Frameworks */,
				C8AEDDE52BFA1EE600D8D0FD /* FirebaseStorage in Frameworks */,
			);
			runOnlyForDeploymentPostprocessing = 0;
		};
/* End PBXFrameworksBuildPhase section */

/* Begin PBXGroup section */
		C8AEDDC32BFA1DC200D8D0FD = {
			isa = PBXGroup;
			children = (
				C8AEDDCE2BFA1DC200D8D0FD /* FirebaseImageAddress */,
				C8AEDDCD2BFA1DC200D8D0FD /* Products */,
			);
			sourceTree = "<group>";
		};
		C8AEDDCD2BFA1DC200D8D0FD /* Products */ = {
			isa = PBXGroup;
			children = (
				C8AEDDCC2BFA1DC200D8D0FD /* FirebaseImageAddress.app */,
			);
			name = Products;
			sourceTree = "<group>";
		};
		C8AEDDCE2BFA1DC200D8D0FD /* FirebaseImageAddress */ = {
			isa = PBXGroup;
			children = (
				C8AEDDEB2BFA20D900D8D0FD /* Model */,
				C8AEDDEA2BFA20D500D8D0FD /* View */,
				C8AEDDE92BFA20D100D8D0FD /* VM */,
				C8AEDDCF2BFA1DC200D8D0FD /* FirebaseImageAddressApp.swift */,
				C8AEDDDD2BFA1E0C00D8D0FD /* GoogleService-Info.plist */,
				C8AEDDD32BFA1DC400D8D0FD /* Assets.xcassets */,
				C8AEDDD52BFA1DC400D8D0FD /* Preview Content */,
			);
			path = FirebaseImageAddress;
			sourceTree = "<group>";
		};
		C8AEDDD52BFA1DC400D8D0FD /* Preview Content */ = {
			isa = PBXGroup;
			children = (
				C8AEDDD62BFA1DC400D8D0FD /* Preview Assets.xcassets */,
			);
			path = "Preview Content";
			sourceTree = "<group>";
		};
		C8AEDDE92BFA20D100D8D0FD /* VM */ = {
			isa = PBXGroup;
			children = (
				C8AEDDEE2BFA214E00D8D0FD /* SearchQuery.swift */,
				C8AEDDF42BFA2F8700D8D0FD /* CUDQuery.swift */,
			);
			path = VM;
			sourceTree = "<group>";
		};
		C8AEDDEA2BFA20D500D8D0FD /* View */ = {
			isa = PBXGroup;
			children = (
				C8AEDDD12BFA1DC200D8D0FD /* ContentView.swift */,
				C8AEDDF02BFA220500D8D0FD /* Add.swift */,
				C8AEDDF22BFA220A00D8D0FD /* Detail.swift */,
			);
			path = View;
			sourceTree = "<group>";
		};
		C8AEDDEB2BFA20D900D8D0FD /* Model */ = {
			isa = PBXGroup;
			children = (
				C8AEDDEC2BFA20EB00D8D0FD /* DBModel.swift */,
			);
			path = Model;
			sourceTree = "<group>";
		};
/* End PBXGroup section */

/* Begin PBXNativeTarget section */
		C8AEDDCB2BFA1DC200D8D0FD /* FirebaseImageAddress */ = {
			isa = PBXNativeTarget;
			buildConfigurationList = C8AEDDDA2BFA1DC400D8D0FD /* Build configuration list for PBXNativeTarget "FirebaseImageAddress" */;
			buildPhases = (
				C8AEDDC82BFA1DC200D8D0FD /* Sources */,
				C8AEDDC92BFA1DC200D8D0FD /* Frameworks */,
				C8AEDDCA2BFA1DC200D8D0FD /* Resources */,
			);
			buildRules = (
			);
			dependencies = (
			);
			name = FirebaseImageAddress;
			packageProductDependencies = (
				C8AEDDE02BFA1EE600D8D0FD /* FirebaseAuth */,
				C8AEDDE22BFA1EE600D8D0FD /* FirebaseFirestore */,
				C8AEDDE42BFA1EE600D8D0FD /* FirebaseStorage */,
				C8AEDDE72BFA1F4B00D8D0FD /* SDWebImageSwiftUI */,
			);
			productName = FirebaseImageAddress;
			productReference = C8AEDDCC2BFA1DC200D8D0FD /* FirebaseImageAddress.app */;
			productType = "com.apple.product-type.application";
		};
/* End PBXNativeTarget section */

/* Begin PBXProject section */
		C8AEDDC42BFA1DC200D8D0FD /* Project object */ = {
			isa = PBXProject;
			attributes = {
				BuildIndependentTargetsInParallel = 1;
				LastSwiftUpdateCheck = 1540;
				LastUpgradeCheck = 1540;
				TargetAttributes = {
					C8AEDDCB2BFA1DC200D8D0FD = {
						CreatedOnToolsVersion = 15.4;
					};
				};
			};
			buildConfigurationList = C8AEDDC72BFA1DC200D8D0FD /* Build configuration list for PBXProject "FirebaseImageAddress" */;
			compatibilityVersion = "Xcode 14.0";
			developmentRegion = en;
			hasScannedForEncodings = 0;
			knownRegions = (
				en,
				Base,
			);
			mainGroup = C8AEDDC32BFA1DC200D8D0FD;
			packageReferences = (
				C8AEDDDF2BFA1EE600D8D0FD /* XCRemoteSwiftPackageReference "firebase-ios-sdk" */,
				C8AEDDE62BFA1F4B00D8D0FD /* XCRemoteSwiftPackageReference "SDWebImageSwiftUI" */,
			);
			productRefGroup = C8AEDDCD2BFA1DC200D8D0FD /* Products */;
			projectDirPath = "";
			projectRoot = "";
			targets = (
				C8AEDDCB2BFA1DC200D8D0FD /* FirebaseImageAddress */,
			);
		};
/* End PBXProject section */

/* Begin PBXResourcesBuildPhase section */
		C8AEDDCA2BFA1DC200D8D0FD /* Resources */ = {
			isa = PBXResourcesBuildPhase;
			buildActionMask = 2147483647;
			files = (
				C8AEDDD72BFA1DC400D8D0FD /* Preview Assets.xcassets in Resources */,
				C8AEDDD42BFA1DC400D8D0FD /* Assets.xcassets in Resources */,
				C8AEDDDE2BFA1E0C00D8D0FD /* GoogleService-Info.plist in Resources */,
			);
			runOnlyForDeploymentPostprocessing = 0;
		};
/* End PBXResourcesBuildPhase section */

/* Begin PBXSourcesBuildPhase section */
		C8AEDDC82BFA1DC200D8D0FD /* Sources */ = {
			isa = PBXSourcesBuildPhase;
			buildActionMask = 2147483647;
			files = (
				C8AEDDD22BFA1DC200D8D0FD /* ContentView.swift in Sources */,
				C8AEDDED2BFA20EB00D8D0FD /* DBModel.swift in Sources */,
				C8AEDDF52BFA2F8700D8D0FD /* CUDQuery.swift in Sources */,
				C8AEDDF32BFA220A00D8D0FD /* Detail.swift in Sources */,
				C8AEDDEF2BFA214E00D8D0FD /* SearchQuery.swift in Sources */,
				C8AEDDF12BFA220500D8D0FD /* Add.swift in Sources */,
				C8AEDDD02BFA1DC200D8D0FD /* FirebaseImageAddressApp.swift in Sources */,
			);
			runOnlyForDeploymentPostprocessing = 0;
		};
/* End PBXSourcesBuildPhase section */

/* Begin XCBuildConfiguration section */
		C8AEDDD82BFA1DC400D8D0FD /* Debug */ = {
			isa = XCBuildConfiguration;
			buildSettings = {
				ALWAYS_SEARCH_USER_PATHS = NO;
				ASSETCATALOG_COMPILER_GENERATE_SWIFT_ASSET_SYMBOL_EXTENSIONS = YES;
				CLANG_ANALYZER_NONNULL = YES;
				CLANG_ANALYZER_NUMBER_OBJECT_CONVERSION = YES_AGGRESSIVE;
				CLANG_CXX_LANGUAGE_STANDARD = "gnu++20";
				CLANG_ENABLE_MODULES = YES;
				CLANG_ENABLE_OBJC_ARC = YES;
				CLANG_ENABLE_OBJC_WEAK = YES;
				CLANG_WARN_BLOCK_CAPTURE_AUTORELEASING = YES;
				CLANG_WARN_BOOL_CONVERSION = YES;
				CLANG_WARN_COMMA = YES;
				CLANG_WARN_CONSTANT_CONVERSION = YES;
				CLANG_WARN_DEPRECATED_OBJC_IMPLEMENTATIONS = YES;
				CLANG_WARN_DIRECT_OBJC_ISA_USAGE = YES_ERROR;
				CLANG_WARN_DOCUMENTATION_COMMENTS = YES;
				CLANG_WARN_EMPTY_BODY = YES;
				CLANG_WARN_ENUM_CONVERSION = YES;
				CLANG_WARN_INFINITE_RECURSION = YES;
				CLANG_WARN_INT_CONVERSION = YES;
				CLANG_WARN_NON_LITERAL_NULL_CONVERSION = YES;
				CLANG_WARN_OBJC_IMPLICIT_RETAIN_SELF = YES;
				CLANG_WARN_OBJC_LITERAL_CONVERSION = YES;
				CLANG_WARN_OBJC_ROOT_CLASS = YES_ERROR;
				CLANG_WARN_QUOTED_INCLUDE_IN_FRAMEWORK_HEADER = YES;
				CLANG_WARN_RANGE_LOOP_ANALYSIS = YES;
				CLANG_WARN_STRICT_PROTOTYPES = YES;
				CLANG_WARN_SUSPICIOUS_MOVE = YES;
				CLANG_WARN_UNGUARDED_AVAILABILITY = YES_AGGRESSIVE;
				CLANG_WARN_UNREACHABLE_CODE = YES;
				CLANG_WARN__DUPLICATE_METHOD_MATCH = YES;
				COPY_PHASE_STRIP = NO;
				DEBUG_INFORMATION_FORMAT = dwarf;
				ENABLE_STRICT_OBJC_MSGSEND = YES;
				ENABLE_TESTABILITY = YES;
				ENABLE_USER_SCRIPT_SANDBOXING = YES;
				GCC_C_LANGUAGE_STANDARD = gnu17;
				GCC_DYNAMIC_NO_PIC = NO;
				GCC_NO_COMMON_BLOCKS = YES;
				GCC_OPTIMIZATION_LEVEL = 0;
				GCC_PREPROCESSOR_DEFINITIONS = (
					"DEBUG=1",
					"$(inherited)",
				);
				GCC_WARN_64_TO_32_BIT_CONVERSION = YES;
				GCC_WARN_ABOUT_RETURN_TYPE = YES_ERROR;
				GCC_WARN_UNDECLARED_SELECTOR = YES;
				GCC_WARN_UNINITIALIZED_AUTOS = YES_AGGRESSIVE;
				GCC_WARN_UNUSED_FUNCTION = YES;
				GCC_WARN_UNUSED_VARIABLE = YES;
				IPHONEOS_DEPLOYMENT_TARGET = 17.5;
				LOCALIZATION_PREFERS_STRING_CATALOGS = YES;
				MTL_ENABLE_DEBUG_INFO = INCLUDE_SOURCE;
				MTL_FAST_MATH = YES;
				ONLY_ACTIVE_ARCH = YES;
				SDKROOT = iphoneos;
				SWIFT_ACTIVE_COMPILATION_CONDITIONS = "DEBUG $(inherited)";
				SWIFT_OPTIMIZATION_LEVEL = "-Onone";
			};
			name = Debug;
		};
		C8AEDDD92BFA1DC400D8D0FD /* Release */ = {
			isa = XCBuildConfiguration;
			buildSettings = {
				ALWAYS_SEARCH_USER_PATHS = NO;
				ASSETCATALOG_COMPILER_GENERATE_SWIFT_ASSET_SYMBOL_EXTENSIONS = YES;
				CLANG_ANALYZER_NONNULL = YES;
				CLANG_ANALYZER_NUMBER_OBJECT_CONVERSION = YES_AGGRESSIVE;
				CLANG_CXX_LANGUAGE_STANDARD = "gnu++20";
				CLANG_ENABLE_MODULES = YES;
				CLANG_ENABLE_OBJC_ARC = YES;
				CLANG_ENABLE_OBJC_WEAK = YES;
				CLANG_WARN_BLOCK_CAPTURE_AUTORELEASING = YES;
				CLANG_WARN_BOOL_CONVERSION = YES;
				CLANG_WARN_COMMA = YES;
				CLANG_WARN_CONSTANT_CONVERSION = YES;
				CLANG_WARN_DEPRECATED_OBJC_IMPLEMENTATIONS = YES;
				CLANG_WARN_DIRECT_OBJC_ISA_USAGE = YES_ERROR;
				CLANG_WARN_DOCUMENTATION_COMMENTS = YES;
				CLANG_WARN_EMPTY_BODY = YES;
				CLANG_WARN_ENUM_CONVERSION = YES;
				CLANG_WARN_INFINITE_RECURSION = YES;
				CLANG_WARN_INT_CONVERSION = YES;
				CLANG_WARN_NON_LITERAL_NULL_CONVERSION = YES;
				CLANG_WARN_OBJC_IMPLICIT_RETAIN_SELF = YES;
				CLANG_WARN_OBJC_LITERAL_CONVERSION = YES;
				CLANG_WARN_OBJC_ROOT_CLASS = YES_ERROR;
				CLANG_WARN_QUOTED_INCLUDE_IN_FRAMEWORK_HEADER = YES;
				CLANG_WARN_RANGE_LOOP_ANALYSIS = YES;
				CLANG_WARN_STRICT_PROTOTYPES = YES;
				CLANG_WARN_SUSPICIOUS_MOVE = YES;
				CLANG_WARN_UNGUARDED_AVAILABILITY = YES_AGGRESSIVE;
				CLANG_WARN_UNREACHABLE_CODE = YES;
				CLANG_WARN__DUPLICATE_METHOD_MATCH = YES;
				COPY_PHASE_STRIP = NO;
				DEBUG_INFORMATION_FORMAT = "dwarf-with-dsym";
				ENABLE_NS_ASSERTIONS = NO;
				ENABLE_STRICT_OBJC_MSGSEND = YES;
				ENABLE_USER_SCRIPT_SANDBOXING = YES;
				GCC_C_LANGUAGE_STANDARD = gnu17;
				GCC_NO_COMMON_BLOCKS = YES;
				GCC_WARN_64_TO_32_BIT_CONVERSION = YES;
				GCC_WARN_ABOUT_RETURN_TYPE = YES_ERROR;
				GCC_WARN_UNDECLARED_SELECTOR = YES;
				GCC_WARN_UNINITIALIZED_AUTOS = YES_AGGRESSIVE;
				GCC_WARN_UNUSED_FUNCTION = YES;
				GCC_WARN_UNUSED_VARIABLE = YES;
				IPHONEOS_DEPLOYMENT_TARGET = 17.5;
				LOCALIZATION_PREFERS_STRING_CATALOGS = YES;
				MTL_ENABLE_DEBUG_INFO = NO;
				MTL_FAST_MATH = YES;
				SDKROOT = iphoneos;
				SWIFT_COMPILATION_MODE = wholemodule;
				VALIDATE_PRODUCT = YES;
			};
			name = Release;
		};
		C8AEDDDB2BFA1DC400D8D0FD /* Debug */ = {
			isa = XCBuildConfiguration;
			buildSettings = {
				ASSETCATALOG_COMPILER_APPICON_NAME = AppIcon;
				ASSETCATALOG_COMPILER_GLOBAL_ACCENT_COLOR_NAME = AccentColor;
				CODE_SIGN_STYLE = Automatic;
				CURRENT_PROJECT_VERSION = 1;
				DEVELOPMENT_ASSET_PATHS = "\"FirebaseImageAddress/Preview Content\"";
				ENABLE_PREVIEWS = YES;
				GENERATE_INFOPLIST_FILE = YES;
				INFOPLIST_KEY_UIApplicationSceneManifest_Generation = YES;
				INFOPLIST_KEY_UIApplicationSupportsIndirectInputEvents = YES;
				INFOPLIST_KEY_UILaunchScreen_Generation = YES;
				INFOPLIST_KEY_UISupportedInterfaceOrientations_iPad = "UIInterfaceOrientationPortrait UIInterfaceOrientationPortraitUpsideDown UIInterfaceOrientationLandscapeLeft UIInterfaceOrientationLandscapeRight";
				INFOPLIST_KEY_UISupportedInterfaceOrientations_iPhone = "UIInterfaceOrientationPortrait UIInterfaceOrientationLandscapeLeft UIInterfaceOrientationLandscapeRight";
				LD_RUNPATH_SEARCH_PATHS = (
					"$(inherited)",
					"@executable_path/Frameworks",
				);
				MARKETING_VERSION = 1.0;
				PRODUCT_BUNDLE_IDENTIFIER = com.swift.FirebaseImageAddress;
				PRODUCT_NAME = "$(TARGET_NAME)";
				SWIFT_EMIT_LOC_STRINGS = YES;
				SWIFT_VERSION = 5.0;
				TARGETED_DEVICE_FAMILY = "1,2";
			};
			name = Debug;
		};
		C8AEDDDC2BFA1DC400D8D0FD /* Release */ = {
			isa = XCBuildConfiguration;
			buildSettings = {
				ASSETCATALOG_COMPILER_APPICON_NAME = AppIcon;
				ASSETCATALOG_COMPILER_GLOBAL_ACCENT_COLOR_NAME = AccentColor;
				CODE_SIGN_STYLE = Automatic;
				CURRENT_PROJECT_VERSION = 1;
				DEVELOPMENT_ASSET_PATHS = "\"FirebaseImageAddress/Preview Content\"";
				ENABLE_PREVIEWS = YES;
				GENERATE_INFOPLIST_FILE = YES;
				INFOPLIST_KEY_UIApplicationSceneManifest_Generation = YES;
				INFOPLIST_KEY_UIApplicationSupportsIndirectInputEvents = YES;
				INFOPLIST_KEY_UILaunchScreen_Generation = YES;
				INFOPLIST_KEY_UISupportedInterfaceOrientations_iPad = "UIInterfaceOrientationPortrait UIInterfaceOrientationPortraitUpsideDown UIInterfaceOrientationLandscapeLeft UIInterfaceOrientationLandscapeRight";
				INFOPLIST_KEY_UISupportedInterfaceOrientations_iPhone = "UIInterfaceOrientationPortrait UIInterfaceOrientationLandscapeLeft UIInterfaceOrientationLandscapeRight";
				LD_RUNPATH_SEARCH_PATHS = (
					"$(inherited)",
					"@executable_path/Frameworks",
				);
				MARKETING_VERSION = 1.0;
				PRODUCT_BUNDLE_IDENTIFIER = com.swift.FirebaseImageAddress;
				PRODUCT_NAME = "$(TARGET_NAME)";
				SWIFT_EMIT_LOC_STRINGS = YES;
				SWIFT_VERSION = 5.0;
				TARGETED_DEVICE_FAMILY = "1,2";
			};
			name = Release;
		};
/* End XCBuildConfiguration section */

/* Begin XCConfigurationList section */
		C8AEDDC72BFA1DC200D8D0FD /* Build configuration list for PBXProject "FirebaseImageAddress" */ = {
			isa = XCConfigurationList;
			buildConfigurations = (
				C8AEDDD82BFA1DC400D8D0FD /* Debug */,
				C8AEDDD92BFA1DC400D8D0FD /* Release */,
			);
			defaultConfigurationIsVisible = 0;
			defaultConfigurationName = Release;
		};
		C8AEDDDA2BFA1DC400D8D0FD /* Build configuration list for PBXNativeTarget "FirebaseImageAddress" */ = {
			isa = XCConfigurationList;
			buildConfigurations = (
				C8AEDDDB2BFA1DC400D8D0FD /* Debug */,
				C8AEDDDC2BFA1DC400D8D0FD /* Release */,
			);
			defaultConfigurationIsVisible = 0;
			defaultConfigurationName = Release;
		};
/* End XCConfigurationList section */

/* Begin XCRemoteSwiftPackageReference section */
		C8AEDDDF2BFA1EE600D8D0FD /* XCRemoteSwiftPackageReference "firebase-ios-sdk" */ = {
			isa = XCRemoteSwiftPackageReference;
			repositoryURL = "https://github.com/firebase/firebase-ios-sdk";
			requirement = {
				kind = upToNextMajorVersion;
				minimumVersion = 10.26.0;
			};
		};
		C8AEDDE62BFA1F4B00D8D0FD /* XCRemoteSwiftPackageReference "SDWebImageSwiftUI" */ = {
			isa = XCRemoteSwiftPackageReference;
			repositoryURL = "https://github.com/SDWebImage/SDWebImageSwiftUI";
			requirement = {
				kind = upToNextMajorVersion;
				minimumVersion = 3.0.4;
			};
		};
/* End XCRemoteSwiftPackageReference section */

/* Begin XCSwiftPackageProductDependency section */
		C8AEDDE02BFA1EE600D8D0FD /* FirebaseAuth */ = {
			isa = XCSwiftPackageProductDependency;
			package = C8AEDDDF2BFA1EE600D8D0FD /* XCRemoteSwiftPackageReference "firebase-ios-sdk" */;
			productName = FirebaseAuth;
		};
		C8AEDDE22BFA1EE600D8D0FD /* FirebaseFirestore */ = {
			isa = XCSwiftPackageProductDependency;
			package = C8AEDDDF2BFA1EE600D8D0FD /* XCRemoteSwiftPackageReference "firebase-ios-sdk" */;
			productName = FirebaseFirestore;
		};
		C8AEDDE42BFA1EE600D8D0FD /* FirebaseStorage */ = {
			isa = XCSwiftPackageProductDependency;
			package = C8AEDDDF2BFA1EE600D8D0FD /* XCRemoteSwiftPackageReference "firebase-ios-sdk" */;
			productName = FirebaseStorage;
		};
		C8AEDDE72BFA1F4B00D8D0FD /* SDWebImageSwiftUI */ = {
			isa = XCSwiftPackageProductDependency;
			package = C8AEDDE62BFA1F4B00D8D0FD /* XCRemoteSwiftPackageReference "SDWebImageSwiftUI" */;
			productName = SDWebImageSwiftUI;
		};
/* End XCSwiftPackageProductDependency section */
	};
	rootObject = C8AEDDC42BFA1DC200D8D0FD /* Project object */;
}
