// !$*UTF8*$!
{
	archiveVersion = 1;
	classes = {
	};
	objectVersion = 56;
	objects = {

/* Begin PBXBuildFile section */
		C84F78CB2BF4A5D000A01ADD /* ServerJsonCollectionListApp.swift in Sources */ = {isa = PBXBuildFile; fileRef = C84F78CA2BF4A5D000A01ADD /* ServerJsonCollectionListApp.swift */; };
		C84F78CD2BF4A5D000A01ADD /* ContentView.swift in Sources */ = {isa = PBXBuildFile; fileRef = C84F78CC2BF4A5D000A01ADD /* ContentView.swift */; };
		C84F78CF2BF4A5D100A01ADD /* Assets.xcassets in Resources */ = {isa = PBXBuildFile; fileRef = C84F78CE2BF4A5D100A01ADD /* Assets.xcassets */; };
		C84F78D22BF4A5D100A01ADD /* Preview Assets.xcassets in Resources */ = {isa = PBXBuildFile; fileRef = C84F78D12BF4A5D100A01ADD /* Preview Assets.xcassets */; };
		C84F78DD2BF4A5F600A01ADD /* SDWebImageSwiftUI in Frameworks */ = {isa = PBXBuildFile; productRef = C84F78DC2BF4A5F600A01ADD /* SDWebImageSwiftUI */; };
		C84F78DF2BF4A60300A01ADD /* JSONModel.swift in Sources */ = {isa = PBXBuildFile; fileRef = C84F78DE2BF4A60300A01ADD /* JSONModel.swift */; };
		C84F78E12BF4A61300A01ADD /* QueryModel.swift in Sources */ = {isa = PBXBuildFile; fileRef = C84F78E02BF4A61300A01ADD /* QueryModel.swift */; };
		C84F78E32BF4A62B00A01ADD /* Detail.swift in Sources */ = {isa = PBXBuildFile; fileRef = C84F78E22BF4A62B00A01ADD /* Detail.swift */; };
/* End PBXBuildFile section */

/* Begin PBXFileReference section */
		C84F78C72BF4A5D000A01ADD /* ServerJsonCollectionList.app */ = {isa = PBXFileReference; explicitFileType = wrapper.application; includeInIndex = 0; path = ServerJsonCollectionList.app; sourceTree = BUILT_PRODUCTS_DIR; };
		C84F78CA2BF4A5D000A01ADD /* ServerJsonCollectionListApp.swift */ = {isa = PBXFileReference; lastKnownFileType = sourcecode.swift; path = ServerJsonCollectionListApp.swift; sourceTree = "<group>"; };
		C84F78CC2BF4A5D000A01ADD /* ContentView.swift */ = {isa = PBXFileReference; lastKnownFileType = sourcecode.swift; path = ContentView.swift; sourceTree = "<group>"; };
		C84F78CE2BF4A5D100A01ADD /* Assets.xcassets */ = {isa = PBXFileReference; lastKnownFileType = folder.assetcatalog; path = Assets.xcassets; sourceTree = "<group>"; };
		C84F78D12BF4A5D100A01ADD /* Preview Assets.xcassets */ = {isa = PBXFileReference; lastKnownFileType = folder.assetcatalog; path = "Preview Assets.xcassets"; sourceTree = "<group>"; };
		C84F78DE2BF4A60300A01ADD /* JSONModel.swift */ = {isa = PBXFileReference; lastKnownFileType = sourcecode.swift; path = JSONModel.swift; sourceTree = "<group>"; };
		C84F78E02BF4A61300A01ADD /* QueryModel.swift */ = {isa = PBXFileReference; lastKnownFileType = sourcecode.swift; path = QueryModel.swift; sourceTree = "<group>"; };
		C84F78E22BF4A62B00A01ADD /* Detail.swift */ = {isa = PBXFileReference; lastKnownFileType = sourcecode.swift; path = Detail.swift; sourceTree = "<group>"; };
/* End PBXFileReference section */

/* Begin PBXFrameworksBuildPhase section */
		C84F78C42BF4A5D000A01ADD /* Frameworks */ = {
			isa = PBXFrameworksBuildPhase;
			buildActionMask = 2147483647;
			files = (
				C84F78DD2BF4A5F600A01ADD /* SDWebImageSwiftUI in Frameworks */,
			);
			runOnlyForDeploymentPostprocessing = 0;
		};
/* End PBXFrameworksBuildPhase section */

/* Begin PBXGroup section */
		C84F78BE2BF4A5CF00A01ADD = {
			isa = PBXGroup;
			children = (
				C84F78C92BF4A5D000A01ADD /* ServerJsonCollectionList */,
				C84F78C82BF4A5D000A01ADD /* Products */,
			);
			sourceTree = "<group>";
		};
		C84F78C82BF4A5D000A01ADD /* Products */ = {
			isa = PBXGroup;
			children = (
				C84F78C72BF4A5D000A01ADD /* ServerJsonCollectionList.app */,
			);
			name = Products;
			sourceTree = "<group>";
		};
		C84F78C92BF4A5D000A01ADD /* ServerJsonCollectionList */ = {
			isa = PBXGroup;
			children = (
				C84F78DA2BF4A5DC00A01ADD /* View */,
				C84F78D92BF4A5D800A01ADD /* Model */,
				C84F78D82BF4A5D400A01ADD /* VM */,
				C84F78CA2BF4A5D000A01ADD /* ServerJsonCollectionListApp.swift */,
				C84F78CE2BF4A5D100A01ADD /* Assets.xcassets */,
				C84F78D02BF4A5D100A01ADD /* Preview Content */,
			);
			path = ServerJsonCollectionList;
			sourceTree = "<group>";
		};
		C84F78D02BF4A5D100A01ADD /* Preview Content */ = {
			isa = PBXGroup;
			children = (
				C84F78D12BF4A5D100A01ADD /* Preview Assets.xcassets */,
			);
			path = "Preview Content";
			sourceTree = "<group>";
		};
		C84F78D82BF4A5D400A01ADD /* VM */ = {
			isa = PBXGroup;
			children = (
				C84F78E02BF4A61300A01ADD /* QueryModel.swift */,
			);
			path = VM;
			sourceTree = "<group>";
		};
		C84F78D92BF4A5D800A01ADD /* Model */ = {
			isa = PBXGroup;
			children = (
				C84F78DE2BF4A60300A01ADD /* JSONModel.swift */,
			);
			path = Model;
			sourceTree = "<group>";
		};
		C84F78DA2BF4A5DC00A01ADD /* View */ = {
			isa = PBXGroup;
			children = (
				C84F78CC2BF4A5D000A01ADD /* ContentView.swift */,
				C84F78E22BF4A62B00A01ADD /* Detail.swift */,
			);
			path = View;
			sourceTree = "<group>";
		};
/* End PBXGroup section */

/* Begin PBXNativeTarget section */
		C84F78C62BF4A5D000A01ADD /* ServerJsonCollectionList */ = {
			isa = PBXNativeTarget;
			buildConfigurationList = C84F78D52BF4A5D100A01ADD /* Build configuration list for PBXNativeTarget "ServerJsonCollectionList" */;
			buildPhases = (
				C84F78C32BF4A5D000A01ADD /* Sources */,
				C84F78C42BF4A5D000A01ADD /* Frameworks */,
				C84F78C52BF4A5D000A01ADD /* Resources */,
			);
			buildRules = (
			);
			dependencies = (
			);
			name = ServerJsonCollectionList;
			packageProductDependencies = (
				C84F78DC2BF4A5F600A01ADD /* SDWebImageSwiftUI */,
			);
			productName = ServerJsonCollectionList;
			productReference = C84F78C72BF4A5D000A01ADD /* ServerJsonCollectionList.app */;
			productType = "com.apple.product-type.application";
		};
/* End PBXNativeTarget section */

/* Begin PBXProject section */
		C84F78BF2BF4A5CF00A01ADD /* Project object */ = {
			isa = PBXProject;
			attributes = {
				BuildIndependentTargetsInParallel = 1;
				LastSwiftUpdateCheck = 1530;
				LastUpgradeCheck = 1530;
				TargetAttributes = {
					C84F78C62BF4A5D000A01ADD = {
						CreatedOnToolsVersion = 15.3;
					};
				};
			};
			buildConfigurationList = C84F78C22BF4A5CF00A01ADD /* Build configuration list for PBXProject "ServerJsonCollectionList" */;
			compatibilityVersion = "Xcode 14.0";
			developmentRegion = en;
			hasScannedForEncodings = 0;
			knownRegions = (
				en,
				Base,
			);
			mainGroup = C84F78BE2BF4A5CF00A01ADD;
			packageReferences = (
				C84F78DB2BF4A5F600A01ADD /* XCRemoteSwiftPackageReference "SDWebImageSwiftUI" */,
			);
			productRefGroup = C84F78C82BF4A5D000A01ADD /* Products */;
			projectDirPath = "";
			projectRoot = "";
			targets = (
				C84F78C62BF4A5D000A01ADD /* ServerJsonCollectionList */,
			);
		};
/* End PBXProject section */

/* Begin PBXResourcesBuildPhase section */
		C84F78C52BF4A5D000A01ADD /* Resources */ = {
			isa = PBXResourcesBuildPhase;
			buildActionMask = 2147483647;
			files = (
				C84F78D22BF4A5D100A01ADD /* Preview Assets.xcassets in Resources */,
				C84F78CF2BF4A5D100A01ADD /* Assets.xcassets in Resources */,
			);
			runOnlyForDeploymentPostprocessing = 0;
		};
/* End PBXResourcesBuildPhase section */

/* Begin PBXSourcesBuildPhase section */
		C84F78C32BF4A5D000A01ADD /* Sources */ = {
			isa = PBXSourcesBuildPhase;
			buildActionMask = 2147483647;
			files = (
				C84F78CD2BF4A5D000A01ADD /* ContentView.swift in Sources */,
				C84F78E32BF4A62B00A01ADD /* Detail.swift in Sources */,
				C84F78CB2BF4A5D000A01ADD /* ServerJsonCollectionListApp.swift in Sources */,
				C84F78E12BF4A61300A01ADD /* QueryModel.swift in Sources */,
				C84F78DF2BF4A60300A01ADD /* JSONModel.swift in Sources */,
			);
			runOnlyForDeploymentPostprocessing = 0;
		};
/* End PBXSourcesBuildPhase section */

/* Begin XCBuildConfiguration section */
		C84F78D32BF4A5D100A01ADD /* Debug */ = {
			isa = XCBuildConfiguration;
			buildSettings = {
				ALWAYS_SEARCH_USER_PATHS = NO;
				ASSETCATALOG_COMPILER_GENERATE_SWIFT_ASSET_SYMBOL_EXTENSIONS = YES;
				CLANG_ANALYZER_NONNULL = YES;
				CLANG_ANALYZER_NUMBER_OBJECT_CONVERSION = YES_AGGRESSIVE;
				CLANG_CXX_LANGUAGE_STANDARD = "gnu++20";
				CLANG_ENABLE_MODULES = YES;
				CLANG_ENABLE_OBJC_ARC = YES;
				CLANG_ENABLE_OBJC_WEAK = YES;
				CLANG_WARN_BLOCK_CAPTURE_AUTORELEASING = YES;
				CLANG_WARN_BOOL_CONVERSION = YES;
				CLANG_WARN_COMMA = YES;
				CLANG_WARN_CONSTANT_CONVERSION = YES;
				CLANG_WARN_DEPRECATED_OBJC_IMPLEMENTATIONS = YES;
				CLANG_WARN_DIRECT_OBJC_ISA_USAGE = YES_ERROR;
				CLANG_WARN_DOCUMENTATION_COMMENTS = YES;
				CLANG_WARN_EMPTY_BODY = YES;
				CLANG_WARN_ENUM_CONVERSION = YES;
				CLANG_WARN_INFINITE_RECURSION = YES;
				CLANG_WARN_INT_CONVERSION = YES;
				CLANG_WARN_NON_LITERAL_NULL_CONVERSION = YES;
				CLANG_WARN_OBJC_IMPLICIT_RETAIN_SELF = YES;
				CLANG_WARN_OBJC_LITERAL_CONVERSION = YES;
				CLANG_WARN_OBJC_ROOT_CLASS = YES_ERROR;
				CLANG_WARN_QUOTED_INCLUDE_IN_FRAMEWORK_HEADER = YES;
				CLANG_WARN_RANGE_LOOP_ANALYSIS = YES;
				CLANG_WARN_STRICT_PROTOTYPES = YES;
				CLANG_WARN_SUSPICIOUS_MOVE = YES;
				CLANG_WARN_UNGUARDED_AVAILABILITY = YES_AGGRESSIVE;
				CLANG_WARN_UNREACHABLE_CODE = YES;
				CLANG_WARN__DUPLICATE_METHOD_MATCH = YES;
				COPY_PHASE_STRIP = NO;
				DEBUG_INFORMATION_FORMAT = dwarf;
				ENABLE_STRICT_OBJC_MSGSEND = YES;
				ENABLE_TESTABILITY = YES;
				ENABLE_USER_SCRIPT_SANDBOXING = YES;
				GCC_C_LANGUAGE_STANDARD = gnu17;
				GCC_DYNAMIC_NO_PIC = NO;
				GCC_NO_COMMON_BLOCKS = YES;
				GCC_OPTIMIZATION_LEVEL = 0;
				GCC_PREPROCESSOR_DEFINITIONS = (
					"DEBUG=1",
					"$(inherited)",
				);
				GCC_WARN_64_TO_32_BIT_CONVERSION = YES;
				GCC_WARN_ABOUT_RETURN_TYPE = YES_ERROR;
				GCC_WARN_UNDECLARED_SELECTOR = YES;
				GCC_WARN_UNINITIALIZED_AUTOS = YES_AGGRESSIVE;
				GCC_WARN_UNUSED_FUNCTION = YES;
				GCC_WARN_UNUSED_VARIABLE = YES;
				IPHONEOS_DEPLOYMENT_TARGET = 17.4;
				LOCALIZATION_PREFERS_STRING_CATALOGS = YES;
				MTL_ENABLE_DEBUG_INFO = INCLUDE_SOURCE;
				MTL_FAST_MATH = YES;
				ONLY_ACTIVE_ARCH = YES;
				SDKROOT = iphoneos;
				SWIFT_ACTIVE_COMPILATION_CONDITIONS = "DEBUG $(inherited)";
				SWIFT_OPTIMIZATION_LEVEL = "-Onone";
			};
			name = Debug;
		};
		C84F78D42BF4A5D100A01ADD /* Release */ = {
			isa = XCBuildConfiguration;
			buildSettings = {
				ALWAYS_SEARCH_USER_PATHS = NO;
				ASSETCATALOG_COMPILER_GENERATE_SWIFT_ASSET_SYMBOL_EXTENSIONS = YES;
				CLANG_ANALYZER_NONNULL = YES;
				CLANG_ANALYZER_NUMBER_OBJECT_CONVERSION = YES_AGGRESSIVE;
				CLANG_CXX_LANGUAGE_STANDARD = "gnu++20";
				CLANG_ENABLE_MODULES = YES;
				CLANG_ENABLE_OBJC_ARC = YES;
				CLANG_ENABLE_OBJC_WEAK = YES;
				CLANG_WARN_BLOCK_CAPTURE_AUTORELEASING = YES;
				CLANG_WARN_BOOL_CONVERSION = YES;
				CLANG_WARN_COMMA = YES;
				CLANG_WARN_CONSTANT_CONVERSION = YES;
				CLANG_WARN_DEPRECATED_OBJC_IMPLEMENTATIONS = YES;
				CLANG_WARN_DIRECT_OBJC_ISA_USAGE = YES_ERROR;
				CLANG_WARN_DOCUMENTATION_COMMENTS = YES;
				CLANG_WARN_EMPTY_BODY = YES;
				CLANG_WARN_ENUM_CONVERSION = YES;
				CLANG_WARN_INFINITE_RECURSION = YES;
				CLANG_WARN_INT_CONVERSION = YES;
				CLANG_WARN_NON_LITERAL_NULL_CONVERSION = YES;
				CLANG_WARN_OBJC_IMPLICIT_RETAIN_SELF = YES;
				CLANG_WARN_OBJC_LITERAL_CONVERSION = YES;
				CLANG_WARN_OBJC_ROOT_CLASS = YES_ERROR;
				CLANG_WARN_QUOTED_INCLUDE_IN_FRAMEWORK_HEADER = YES;
				CLANG_WARN_RANGE_LOOP_ANALYSIS = YES;
				CLANG_WARN_STRICT_PROTOTYPES = YES;
				CLANG_WARN_SUSPICIOUS_MOVE = YES;
				CLANG_WARN_UNGUARDED_AVAILABILITY = YES_AGGRESSIVE;
				CLANG_WARN_UNREACHABLE_CODE = YES;
				CLANG_WARN__DUPLICATE_METHOD_MATCH = YES;
				COPY_PHASE_STRIP = NO;
				DEBUG_INFORMATION_FORMAT = "dwarf-with-dsym";
				ENABLE_NS_ASSERTIONS = NO;
				ENABLE_STRICT_OBJC_MSGSEND = YES;
				ENABLE_USER_SCRIPT_SANDBOXING = YES;
				GCC_C_LANGUAGE_STANDARD = gnu17;
				GCC_NO_COMMON_BLOCKS = YES;
				GCC_WARN_64_TO_32_BIT_CONVERSION = YES;
				GCC_WARN_ABOUT_RETURN_TYPE = YES_ERROR;
				GCC_WARN_UNDECLARED_SELECTOR = YES;
				GCC_WARN_UNINITIALIZED_AUTOS = YES_AGGRESSIVE;
				GCC_WARN_UNUSED_FUNCTION = YES;
				GCC_WARN_UNUSED_VARIABLE = YES;
				IPHONEOS_DEPLOYMENT_TARGET = 17.4;
				LOCALIZATION_PREFERS_STRING_CATALOGS = YES;
				MTL_ENABLE_DEBUG_INFO = NO;
				MTL_FAST_MATH = YES;
				SDKROOT = iphoneos;
				SWIFT_COMPILATION_MODE = wholemodule;
				VALIDATE_PRODUCT = YES;
			};
			name = Release;
		};
		C84F78D62BF4A5D100A01ADD /* Debug */ = {
			isa = XCBuildConfiguration;
			buildSettings = {
				ASSETCATALOG_COMPILER_APPICON_NAME = AppIcon;
				ASSETCATALOG_COMPILER_GLOBAL_ACCENT_COLOR_NAME = AccentColor;
				CODE_SIGN_STYLE = Automatic;
				CURRENT_PROJECT_VERSION = 1;
				DEVELOPMENT_ASSET_PATHS = "\"ServerJsonCollectionList/Preview Content\"";
				ENABLE_PREVIEWS = YES;
				GENERATE_INFOPLIST_FILE = YES;
				INFOPLIST_KEY_UIApplicationSceneManifest_Generation = YES;
				INFOPLIST_KEY_UIApplicationSupportsIndirectInputEvents = YES;
				INFOPLIST_KEY_UILaunchScreen_Generation = YES;
				INFOPLIST_KEY_UISupportedInterfaceOrientations_iPad = "UIInterfaceOrientationPortrait UIInterfaceOrientationPortraitUpsideDown UIInterfaceOrientationLandscapeLeft UIInterfaceOrientationLandscapeRight";
				INFOPLIST_KEY_UISupportedInterfaceOrientations_iPhone = "UIInterfaceOrientationPortrait UIInterfaceOrientationLandscapeLeft UIInterfaceOrientationLandscapeRight";
				LD_RUNPATH_SEARCH_PATHS = (
					"$(inherited)",
					"@executable_path/Frameworks",
				);
				MARKETING_VERSION = 1.0;
				PRODUCT_BUNDLE_IDENTIFIER = com.swift.ServerJsonCollectionList;
				PRODUCT_NAME = "$(TARGET_NAME)";
				SWIFT_EMIT_LOC_STRINGS = YES;
				SWIFT_VERSION = 5.0;
				TARGETED_DEVICE_FAMILY = "1,2";
			};
			name = Debug;
		};
		C84F78D72BF4A5D100A01ADD /* Release */ = {
			isa = XCBuildConfiguration;
			buildSettings = {
				ASSETCATALOG_COMPILER_APPICON_NAME = AppIcon;
				ASSETCATALOG_COMPILER_GLOBAL_ACCENT_COLOR_NAME = AccentColor;
				CODE_SIGN_STYLE = Automatic;
				CURRENT_PROJECT_VERSION = 1;
				DEVELOPMENT_ASSET_PATHS = "\"ServerJsonCollectionList/Preview Content\"";
				ENABLE_PREVIEWS = YES;
				GENERATE_INFOPLIST_FILE = YES;
				INFOPLIST_KEY_UIApplicationSceneManifest_Generation = YES;
				INFOPLIST_KEY_UIApplicationSupportsIndirectInputEvents = YES;
				INFOPLIST_KEY_UILaunchScreen_Generation = YES;
				INFOPLIST_KEY_UISupportedInterfaceOrientations_iPad = "UIInterfaceOrientationPortrait UIInterfaceOrientationPortraitUpsideDown UIInterfaceOrientationLandscapeLeft UIInterfaceOrientationLandscapeRight";
				INFOPLIST_KEY_UISupportedInterfaceOrientations_iPhone = "UIInterfaceOrientationPortrait UIInterfaceOrientationLandscapeLeft UIInterfaceOrientationLandscapeRight";
				LD_RUNPATH_SEARCH_PATHS = (
					"$(inherited)",
					"@executable_path/Frameworks",
				);
				MARKETING_VERSION = 1.0;
				PRODUCT_BUNDLE_IDENTIFIER = com.swift.ServerJsonCollectionList;
				PRODUCT_NAME = "$(TARGET_NAME)";
				SWIFT_EMIT_LOC_STRINGS = YES;
				SWIFT_VERSION = 5.0;
				TARGETED_DEVICE_FAMILY = "1,2";
			};
			name = Release;
		};
/* End XCBuildConfiguration section */

/* Begin XCConfigurationList section */
		C84F78C22BF4A5CF00A01ADD /* Build configuration list for PBXProject "ServerJsonCollectionList" */ = {
			isa = XCConfigurationList;
			buildConfigurations = (
				C84F78D32BF4A5D100A01ADD /* Debug */,
				C84F78D42BF4A5D100A01ADD /* Release */,
			);
			defaultConfigurationIsVisible = 0;
			defaultConfigurationName = Release;
		};
		C84F78D52BF4A5D100A01ADD /* Build configuration list for PBXNativeTarget "ServerJsonCollectionList" */ = {
			isa = XCConfigurationList;
			buildConfigurations = (
				C84F78D62BF4A5D100A01ADD /* Debug */,
				C84F78D72BF4A5D100A01ADD /* Release */,
			);
			defaultConfigurationIsVisible = 0;
			defaultConfigurationName = Release;
		};
/* End XCConfigurationList section */

/* Begin XCRemoteSwiftPackageReference section */
		C84F78DB2BF4A5F600A01ADD /* XCRemoteSwiftPackageReference "SDWebImageSwiftUI" */ = {
			isa = XCRemoteSwiftPackageReference;
			repositoryURL = "https://github.com/SDWebImage/SDWebImageSwiftUI";
			requirement = {
				kind = upToNextMajorVersion;
				minimumVersion = 3.0.4;
			};
		};
/* End XCRemoteSwiftPackageReference section */

/* Begin XCSwiftPackageProductDependency section */
		C84F78DC2BF4A5F600A01ADD /* SDWebImageSwiftUI */ = {
			isa = XCSwiftPackageProductDependency;
			package = C84F78DB2BF4A5F600A01ADD /* XCRemoteSwiftPackageReference "SDWebImageSwiftUI" */;
			productName = SDWebImageSwiftUI;
		};
/* End XCSwiftPackageProductDependency section */
	};
	rootObject = C84F78BF2BF4A5CF00A01ADD /* Project object */;
}
